
Microsoft Visual Studio Solution File, Format Version 12.00
# Visual Studio Version 17
VisualStudioVersion = 17.11.35327.3
MinimumVisualStudioVersion = 10.0.40219.1
Project("{FAE04EC0-301F-11D3-BF4B-00C04F79EFBC}") = "OOPRevision", "OOPRevision.csproj", "{C281224B-D80F-4F1C-B7B2-C964C0C8976C}"
EndProject
Global
	GlobalSection(SolutionConfigurationPlatforms) = preSolution
		Debug|Any CPU = Debug|Any CPU
		Release|Any CPU = Release|Any CPU
	EndGlobalSection
	GlobalSection(ProjectConfigurationPlatforms) = postSolution
		{C281224B-D80F-4F1C-B7B2-C964C0C8976C}.Debug|Any CPU.ActiveCfg = Debug|Any CPU
		{C281224B-D80F-4F1C-B7B2-C964C0C8976C}.Debug|Any CPU.Build.0 = Debug|Any CPU
		{C281224B-D80F-4F1C-B7B2-C964C0C8976C}.Release|Any CPU.ActiveCfg = Release|Any CPU
		{C281224B-D80F-4F1C-B7B2-C964C0C8976C}.Release|Any CPU.Build.0 = Release|Any CPU
	EndGlobalSection
	GlobalSection(SolutionProperties) = preSolution
		HideSolutionNode = FALSE
	EndGlobalSection
	GlobalSection(ExtensibilityGlobals) = postSolution
		SolutionGuid = {8549DE3B-47F4-4B59-AD5D-440756A18852}
	EndGlobalSection
EndGlobal
