
Microsoft Visual Studio Solution File, Format Version 12.00
# Visual Studio Version 17
VisualStudioVersion = 17.11.35327.3
MinimumVisualStudioVersion = 10.0.40219.1
Project("{FAE04EC0-301F-11D3-BF4B-00C04F79EFBC}") = "3.2.1Collections.1", "3.2.1Collections.1\3.2.1Collections.1.csproj", "{BED6D730-87BD-4DB7-ABC6-EFEFEC01B65E}"
EndProject
Global
	GlobalSection(SolutionConfigurationPlatforms) = preSolution
		Debug|Any CPU = Debug|Any CPU
		Release|Any CPU = Release|Any CPU
	EndGlobalSection
	GlobalSection(ProjectConfigurationPlatforms) = postSolution
		{BED6D730-87BD-4DB7-ABC6-EFEFEC01B65E}.Debug|Any CPU.ActiveCfg = Debug|Any CPU
		{BED6D730-87BD-4DB7-ABC6-EFEFEC01B65E}.Debug|Any CPU.Build.0 = Debug|Any CPU
		{BED6D730-87BD-4DB7-ABC6-EFEFEC01B65E}.Release|Any CPU.ActiveCfg = Release|Any CPU
		{BED6D730-87BD-4DB7-ABC6-EFEFEC01B65E}.Release|Any CPU.Build.0 = Release|Any CPU
	EndGlobalSection
	GlobalSection(SolutionProperties) = preSolution
		HideSolutionNode = FALSE
	EndGlobalSection
	GlobalSection(ExtensibilityGlobals) = postSolution
		SolutionGuid = {BC37518C-EFB1-49A9-A477-CF50F8F17230}
	EndGlobalSection
EndGlobal
