
Microsoft Visual Studio Solution File, Format Version 12.00
# Visual Studio Version 17
VisualStudioVersion = 17.11.35327.3
MinimumVisualStudioVersion = 10.0.40219.1
Project("{FAE04EC0-301F-11D3-BF4B-00C04F79EFBC}") = "4.1.1MethodsWS", "4.1.1MethodsWS\4.1.1MethodsWS.csproj", "{C4BEEC5B-E166-43DC-9F6A-9D4469FAA41C}"
EndProject
Global
	GlobalSection(SolutionConfigurationPlatforms) = preSolution
		Debug|Any CPU = Debug|Any CPU
		Release|Any CPU = Release|Any CPU
	EndGlobalSection
	GlobalSection(ProjectConfigurationPlatforms) = postSolution
		{C4BEEC5B-E166-43DC-9F6A-9D4469FAA41C}.Debug|Any CPU.ActiveCfg = Debug|Any CPU
		{C4BEEC5B-E166-43DC-9F6A-9D4469FAA41C}.Debug|Any CPU.Build.0 = Debug|Any CPU
		{C4BEEC5B-E166-43DC-9F6A-9D4469FAA41C}.Release|Any CPU.ActiveCfg = Release|Any CPU
		{C4BEEC5B-E166-43DC-9F6A-9D4469FAA41C}.Release|Any CPU.Build.0 = Release|Any CPU
	EndGlobalSection
	GlobalSection(SolutionProperties) = preSolution
		HideSolutionNode = FALSE
	EndGlobalSection
	GlobalSection(ExtensibilityGlobals) = postSolution
		SolutionGuid = {0AFE339F-A32D-483A-A225-4D645BC6EF9D}
	EndGlobalSection
EndGlobal
